
Microsoft Visual Studio Solution File, Format Version 12.00
# Visual Studio 14
VisualStudioVersion = 14.0.25420.1
MinimumVisualStudioVersion = 10.0.40219.1
Project("{FAE04EC0-301F-11D3-BF4B-00C04F79EFBC}") = "ScrapeLibrary", "ScrapeLibrary\ScrapeLibrary.csproj", "{A3CBFF48-AFE6-4F13-BFF8-5B586EBB6D09}"
EndProject
Project("{FAE04EC0-301F-11D3-BF4B-00C04F79EFBC}") = "ScrapeClient", "ScrapeClient\ScrapeClient.csproj", "{97FF6F5E-1916-4C94-97F0-16CC694C5C2E}"
EndProject
Global
	GlobalSection(SolutionConfigurationPlatforms) = preSolution
		Debug|Any CPU = Debug|Any CPU
		Release|Any CPU = Release|Any CPU
	EndGlobalSection
	GlobalSection(ProjectConfigurationPlatforms) = postSolution
		{A3CBFF48-AFE6-4F13-BFF8-5B586EBB6D09}.Debug|Any CPU.ActiveCfg = Debug|Any CPU
		{A3CBFF48-AFE6-4F13-BFF8-5B586EBB6D09}.Debug|Any CPU.Build.0 = Debug|Any CPU
		{A3CBFF48-AFE6-4F13-BFF8-5B586EBB6D09}.Release|Any CPU.ActiveCfg = Release|Any CPU
		{A3CBFF48-AFE6-4F13-BFF8-5B586EBB6D09}.Release|Any CPU.Build.0 = Release|Any CPU
		{97FF6F5E-1916-4C94-97F0-16CC694C5C2E}.Debug|Any CPU.ActiveCfg = Debug|Any CPU
		{97FF6F5E-1916-4C94-97F0-16CC694C5C2E}.Debug|Any CPU.Build.0 = Debug|Any CPU
		{97FF6F5E-1916-4C94-97F0-16CC694C5C2E}.Release|Any CPU.ActiveCfg = Release|Any CPU
		{97FF6F5E-1916-4C94-97F0-16CC694C5C2E}.Release|Any CPU.Build.0 = Release|Any CPU
	EndGlobalSection
	GlobalSection(SolutionProperties) = preSolution
		HideSolutionNode = FALSE
	EndGlobalSection
EndGlobal
